
Microsoft Visual Studio Solution File, Format Version 12.00
# Visual Studio Version 16
VisualStudioVersion = 16.0.32228.343
MinimumVisualStudioVersion = 10.0.40219.1
Project("{2150E333-8FDC-42A3-9474-1A3956D46DE8}") = "Component", "Component", "{49E35AEB-C313-4D04-82D8-966D0DB57764}"
EndProject
Project("{2150E333-8FDC-42A3-9474-1A3956D46DE8}") = "Client", "Client", "{C7DCA5E1-0E0E-49B1-A094-7DC3FB7C527E}"
EndProject
Project("{2150E333-8FDC-42A3-9474-1A3956D46DE8}") = "Viewer", "Viewer", "{AAC07811-26D8-44E6-BA09-AE4B38638D83}"
EndProject
Project("{2150E333-8FDC-42A3-9474-1A3956D46DE8}") = "Actor", "Actor", "{411821F2-4487-47ED-B3B1-967BB1D1A3AC}"
EndProject
Project("{2150E333-8FDC-42A3-9474-1A3956D46DE8}") = "Shape", "Shape", "{B0459B43-A05D-45C8-B708-600A837472AE}"
EndProject
Project("{9A19103F-16F7-4668-BE54-9A1E7A4F7556}") = "Game.Actor.Shape.Service", "Component\Actor\Shape\Service\Game.Actor.Shape.Service.csproj", "{37F939B6-9F2D-4380-86B0-BB5C832115EF}"
EndProject
Project("{9A19103F-16F7-4668-BE54-9A1E7A4F7556}") = "Game.Actor.Shape.Interface", "Component\Actor\Shape\Interface\Game.Actor.Shape.Interface.csproj", "{DD3B7D11-6F83-4A12-B7B8-E2258D971D4F}"
EndProject
Project("{9A19103F-16F7-4668-BE54-9A1E7A4F7556}") = "Game.Actor.Shape.Host", "Component\Actor\Shape\Host\Game.Actor.Shape.Host.csproj", "{560E5362-8F04-4037-9AF5-B9338ADBD36E}"
EndProject
Project("{2150E333-8FDC-42A3-9474-1A3956D46DE8}") = "Manager", "Manager", "{E5E70742-A3A5-4DD5-9B3B-931DF0E23F6E}"
EndProject
Project("{2150E333-8FDC-42A3-9474-1A3956D46DE8}") = "Membership", "Membership", "{264A0BC0-78D5-4530-9CF1-8315B1262654}"
EndProject
Project("{9A19103F-16F7-4668-BE54-9A1E7A4F7556}") = "Game.Manager.Membership.Service", "Component\Manager\Membership\Service\Game.Manager.Membership.Service.csproj", "{7BBC898B-9A5E-440E-BA17-4733209C3E47}"
EndProject
Project("{2150E333-8FDC-42A3-9474-1A3956D46DE8}") = "PushAPI", "PushAPI", "{CB9034EB-74A3-40B4-B6AD-1D4962B634EE}"
EndProject
Project("{9A19103F-16F7-4668-BE54-9A1E7A4F7556}") = "Game.Client.PushAPI.Service", "Component\Client\PushAPI\Service\Game.Client.PushAPI.Service.csproj", "{456CAC84-F6CD-4A7D-B4B5-AAA865C20094}"
EndProject
Project("{FAE04EC0-301F-11D3-BF4B-00C04F79EFBC}") = "Game.Client.Viewer.App", "Component\Client\Viewer\App\Game.Client.Viewer.App.csproj", "{292EEC58-272A-4077-A192-187C58AC3CF6}"
EndProject
Global
	GlobalSection(SolutionConfigurationPlatforms) = preSolution
		Debug|Any CPU = Debug|Any CPU
		Debug|ARM = Debug|ARM
		Debug|ARM64 = Debug|ARM64
		Debug|x64 = Debug|x64
		Debug|x86 = Debug|x86
		Release|Any CPU = Release|Any CPU
		Release|ARM = Release|ARM
		Release|ARM64 = Release|ARM64
		Release|x64 = Release|x64
		Release|x86 = Release|x86
	EndGlobalSection
	GlobalSection(ProjectConfigurationPlatforms) = postSolution
		{37F939B6-9F2D-4380-86B0-BB5C832115EF}.Debug|Any CPU.ActiveCfg = Debug|Any CPU
		{37F939B6-9F2D-4380-86B0-BB5C832115EF}.Debug|Any CPU.Build.0 = Debug|Any CPU
		{37F939B6-9F2D-4380-86B0-BB5C832115EF}.Debug|ARM.ActiveCfg = Debug|Any CPU
		{37F939B6-9F2D-4380-86B0-BB5C832115EF}.Debug|ARM.Build.0 = Debug|Any CPU
		{37F939B6-9F2D-4380-86B0-BB5C832115EF}.Debug|ARM64.ActiveCfg = Debug|Any CPU
		{37F939B6-9F2D-4380-86B0-BB5C832115EF}.Debug|ARM64.Build.0 = Debug|Any CPU
		{37F939B6-9F2D-4380-86B0-BB5C832115EF}.Debug|x64.ActiveCfg = Debug|Any CPU
		{37F939B6-9F2D-4380-86B0-BB5C832115EF}.Debug|x64.Build.0 = Debug|Any CPU
		{37F939B6-9F2D-4380-86B0-BB5C832115EF}.Debug|x86.ActiveCfg = Debug|Any CPU
		{37F939B6-9F2D-4380-86B0-BB5C832115EF}.Debug|x86.Build.0 = Debug|Any CPU
		{37F939B6-9F2D-4380-86B0-BB5C832115EF}.Release|Any CPU.ActiveCfg = Release|Any CPU
		{37F939B6-9F2D-4380-86B0-BB5C832115EF}.Release|Any CPU.Build.0 = Release|Any CPU
		{37F939B6-9F2D-4380-86B0-BB5C832115EF}.Release|ARM.ActiveCfg = Release|Any CPU
		{37F939B6-9F2D-4380-86B0-BB5C832115EF}.Release|ARM.Build.0 = Release|Any CPU
		{37F939B6-9F2D-4380-86B0-BB5C832115EF}.Release|ARM64.ActiveCfg = Release|Any CPU
		{37F939B6-9F2D-4380-86B0-BB5C832115EF}.Release|ARM64.Build.0 = Release|Any CPU
		{37F939B6-9F2D-4380-86B0-BB5C832115EF}.Release|x64.ActiveCfg = Release|Any CPU
		{37F939B6-9F2D-4380-86B0-BB5C832115EF}.Release|x64.Build.0 = Release|Any CPU
		{37F939B6-9F2D-4380-86B0-BB5C832115EF}.Release|x86.ActiveCfg = Release|Any CPU
		{37F939B6-9F2D-4380-86B0-BB5C832115EF}.Release|x86.Build.0 = Release|Any CPU
		{DD3B7D11-6F83-4A12-B7B8-E2258D971D4F}.Debug|Any CPU.ActiveCfg = Debug|Any CPU
		{DD3B7D11-6F83-4A12-B7B8-E2258D971D4F}.Debug|Any CPU.Build.0 = Debug|Any CPU
		{DD3B7D11-6F83-4A12-B7B8-E2258D971D4F}.Debug|ARM.ActiveCfg = Debug|Any CPU
		{DD3B7D11-6F83-4A12-B7B8-E2258D971D4F}.Debug|ARM.Build.0 = Debug|Any CPU
		{DD3B7D11-6F83-4A12-B7B8-E2258D971D4F}.Debug|ARM64.ActiveCfg = Debug|Any CPU
		{DD3B7D11-6F83-4A12-B7B8-E2258D971D4F}.Debug|ARM64.Build.0 = Debug|Any CPU
		{DD3B7D11-6F83-4A12-B7B8-E2258D971D4F}.Debug|x64.ActiveCfg = Debug|Any CPU
		{DD3B7D11-6F83-4A12-B7B8-E2258D971D4F}.Debug|x64.Build.0 = Debug|Any CPU
		{DD3B7D11-6F83-4A12-B7B8-E2258D971D4F}.Debug|x86.ActiveCfg = Debug|Any CPU
		{DD3B7D11-6F83-4A12-B7B8-E2258D971D4F}.Debug|x86.Build.0 = Debug|Any CPU
		{DD3B7D11-6F83-4A12-B7B8-E2258D971D4F}.Release|Any CPU.ActiveCfg = Release|Any CPU
		{DD3B7D11-6F83-4A12-B7B8-E2258D971D4F}.Release|Any CPU.Build.0 = Release|Any CPU
		{DD3B7D11-6F83-4A12-B7B8-E2258D971D4F}.Release|ARM.ActiveCfg = Release|Any CPU
		{DD3B7D11-6F83-4A12-B7B8-E2258D971D4F}.Release|ARM.Build.0 = Release|Any CPU
		{DD3B7D11-6F83-4A12-B7B8-E2258D971D4F}.Release|ARM64.ActiveCfg = Release|Any CPU
		{DD3B7D11-6F83-4A12-B7B8-E2258D971D4F}.Release|ARM64.Build.0 = Release|Any CPU
		{DD3B7D11-6F83-4A12-B7B8-E2258D971D4F}.Release|x64.ActiveCfg = Release|Any CPU
		{DD3B7D11-6F83-4A12-B7B8-E2258D971D4F}.Release|x64.Build.0 = Release|Any CPU
		{DD3B7D11-6F83-4A12-B7B8-E2258D971D4F}.Release|x86.ActiveCfg = Release|Any CPU
		{DD3B7D11-6F83-4A12-B7B8-E2258D971D4F}.Release|x86.Build.0 = Release|Any CPU
		{560E5362-8F04-4037-9AF5-B9338ADBD36E}.Debug|Any CPU.ActiveCfg = Debug|Any CPU
		{560E5362-8F04-4037-9AF5-B9338ADBD36E}.Debug|Any CPU.Build.0 = Debug|Any CPU
		{560E5362-8F04-4037-9AF5-B9338ADBD36E}.Debug|ARM.ActiveCfg = Debug|Any CPU
		{560E5362-8F04-4037-9AF5-B9338ADBD36E}.Debug|ARM.Build.0 = Debug|Any CPU
		{560E5362-8F04-4037-9AF5-B9338ADBD36E}.Debug|ARM64.ActiveCfg = Debug|Any CPU
		{560E5362-8F04-4037-9AF5-B9338ADBD36E}.Debug|ARM64.Build.0 = Debug|Any CPU
		{560E5362-8F04-4037-9AF5-B9338ADBD36E}.Debug|x64.ActiveCfg = Debug|Any CPU
		{560E5362-8F04-4037-9AF5-B9338ADBD36E}.Debug|x64.Build.0 = Debug|Any CPU
		{560E5362-8F04-4037-9AF5-B9338ADBD36E}.Debug|x86.ActiveCfg = Debug|Any CPU
		{560E5362-8F04-4037-9AF5-B9338ADBD36E}.Debug|x86.Build.0 = Debug|Any CPU
		{560E5362-8F04-4037-9AF5-B9338ADBD36E}.Release|Any CPU.ActiveCfg = Release|Any CPU
		{560E5362-8F04-4037-9AF5-B9338ADBD36E}.Release|Any CPU.Build.0 = Release|Any CPU
		{560E5362-8F04-4037-9AF5-B9338ADBD36E}.Release|ARM.ActiveCfg = Release|Any CPU
		{560E5362-8F04-4037-9AF5-B9338ADBD36E}.Release|ARM.Build.0 = Release|Any CPU
		{560E5362-8F04-4037-9AF5-B9338ADBD36E}.Release|ARM64.ActiveCfg = Release|Any CPU
		{560E5362-8F04-4037-9AF5-B9338ADBD36E}.Release|ARM64.Build.0 = Release|Any CPU
		{560E5362-8F04-4037-9AF5-B9338ADBD36E}.Release|x64.ActiveCfg = Release|Any CPU
		{560E5362-8F04-4037-9AF5-B9338ADBD36E}.Release|x64.Build.0 = Release|Any CPU
		{560E5362-8F04-4037-9AF5-B9338ADBD36E}.Release|x86.ActiveCfg = Release|Any CPU
		{560E5362-8F04-4037-9AF5-B9338ADBD36E}.Release|x86.Build.0 = Release|Any CPU
		{7BBC898B-9A5E-440E-BA17-4733209C3E47}.Debug|Any CPU.ActiveCfg = Debug|Any CPU
		{7BBC898B-9A5E-440E-BA17-4733209C3E47}.Debug|Any CPU.Build.0 = Debug|Any CPU
		{7BBC898B-9A5E-440E-BA17-4733209C3E47}.Debug|ARM.ActiveCfg = Debug|Any CPU
		{7BBC898B-9A5E-440E-BA17-4733209C3E47}.Debug|ARM.Build.0 = Debug|Any CPU
		{7BBC898B-9A5E-440E-BA17-4733209C3E47}.Debug|ARM64.ActiveCfg = Debug|Any CPU
		{7BBC898B-9A5E-440E-BA17-4733209C3E47}.Debug|ARM64.Build.0 = Debug|Any CPU
		{7BBC898B-9A5E-440E-BA17-4733209C3E47}.Debug|x64.ActiveCfg = Debug|Any CPU
		{7BBC898B-9A5E-440E-BA17-4733209C3E47}.Debug|x64.Build.0 = Debug|Any CPU
		{7BBC898B-9A5E-440E-BA17-4733209C3E47}.Debug|x86.ActiveCfg = Debug|Any CPU
		{7BBC898B-9A5E-440E-BA17-4733209C3E47}.Debug|x86.Build.0 = Debug|Any CPU
		{7BBC898B-9A5E-440E-BA17-4733209C3E47}.Release|Any CPU.ActiveCfg = Release|Any CPU
		{7BBC898B-9A5E-440E-BA17-4733209C3E47}.Release|Any CPU.Build.0 = Release|Any CPU
		{7BBC898B-9A5E-440E-BA17-4733209C3E47}.Release|ARM.ActiveCfg = Release|Any CPU
		{7BBC898B-9A5E-440E-BA17-4733209C3E47}.Release|ARM.Build.0 = Release|Any CPU
		{7BBC898B-9A5E-440E-BA17-4733209C3E47}.Release|ARM64.ActiveCfg = Release|Any CPU
		{7BBC898B-9A5E-440E-BA17-4733209C3E47}.Release|ARM64.Build.0 = Release|Any CPU
		{7BBC898B-9A5E-440E-BA17-4733209C3E47}.Release|x64.ActiveCfg = Release|Any CPU
		{7BBC898B-9A5E-440E-BA17-4733209C3E47}.Release|x64.Build.0 = Release|Any CPU
		{7BBC898B-9A5E-440E-BA17-4733209C3E47}.Release|x86.ActiveCfg = Release|Any CPU
		{7BBC898B-9A5E-440E-BA17-4733209C3E47}.Release|x86.Build.0 = Release|Any CPU
		{456CAC84-F6CD-4A7D-B4B5-AAA865C20094}.Debug|Any CPU.ActiveCfg = Debug|Any CPU
		{456CAC84-F6CD-4A7D-B4B5-AAA865C20094}.Debug|Any CPU.Build.0 = Debug|Any CPU
		{456CAC84-F6CD-4A7D-B4B5-AAA865C20094}.Debug|ARM.ActiveCfg = Debug|Any CPU
		{456CAC84-F6CD-4A7D-B4B5-AAA865C20094}.Debug|ARM.Build.0 = Debug|Any CPU
		{456CAC84-F6CD-4A7D-B4B5-AAA865C20094}.Debug|ARM64.ActiveCfg = Debug|Any CPU
		{456CAC84-F6CD-4A7D-B4B5-AAA865C20094}.Debug|ARM64.Build.0 = Debug|Any CPU
		{456CAC84-F6CD-4A7D-B4B5-AAA865C20094}.Debug|x64.ActiveCfg = Debug|Any CPU
		{456CAC84-F6CD-4A7D-B4B5-AAA865C20094}.Debug|x64.Build.0 = Debug|Any CPU
		{456CAC84-F6CD-4A7D-B4B5-AAA865C20094}.Debug|x86.ActiveCfg = Debug|Any CPU
		{456CAC84-F6CD-4A7D-B4B5-AAA865C20094}.Debug|x86.Build.0 = Debug|Any CPU
		{456CAC84-F6CD-4A7D-B4B5-AAA865C20094}.Release|Any CPU.ActiveCfg = Release|Any CPU
		{456CAC84-F6CD-4A7D-B4B5-AAA865C20094}.Release|Any CPU.Build.0 = Release|Any CPU
		{456CAC84-F6CD-4A7D-B4B5-AAA865C20094}.Release|ARM.ActiveCfg = Release|Any CPU
		{456CAC84-F6CD-4A7D-B4B5-AAA865C20094}.Release|ARM.Build.0 = Release|Any CPU
		{456CAC84-F6CD-4A7D-B4B5-AAA865C20094}.Release|ARM64.ActiveCfg = Release|Any CPU
		{456CAC84-F6CD-4A7D-B4B5-AAA865C20094}.Release|ARM64.Build.0 = Release|Any CPU
		{456CAC84-F6CD-4A7D-B4B5-AAA865C20094}.Release|x64.ActiveCfg = Release|Any CPU
		{456CAC84-F6CD-4A7D-B4B5-AAA865C20094}.Release|x64.Build.0 = Release|Any CPU
		{456CAC84-F6CD-4A7D-B4B5-AAA865C20094}.Release|x86.ActiveCfg = Release|Any CPU
		{456CAC84-F6CD-4A7D-B4B5-AAA865C20094}.Release|x86.Build.0 = Release|Any CPU
		{292EEC58-272A-4077-A192-187C58AC3CF6}.Debug|Any CPU.ActiveCfg = Debug|Any CPU
		{292EEC58-272A-4077-A192-187C58AC3CF6}.Debug|Any CPU.Build.0 = Debug|Any CPU
		{292EEC58-272A-4077-A192-187C58AC3CF6}.Debug|ARM.ActiveCfg = Debug|Any CPU
		{292EEC58-272A-4077-A192-187C58AC3CF6}.Debug|ARM.Build.0 = Debug|Any CPU
		{292EEC58-272A-4077-A192-187C58AC3CF6}.Debug|ARM64.ActiveCfg = Debug|Any CPU
		{292EEC58-272A-4077-A192-187C58AC3CF6}.Debug|ARM64.Build.0 = Debug|Any CPU
		{292EEC58-272A-4077-A192-187C58AC3CF6}.Debug|x64.ActiveCfg = Debug|Any CPU
		{292EEC58-272A-4077-A192-187C58AC3CF6}.Debug|x64.Build.0 = Debug|Any CPU
		{292EEC58-272A-4077-A192-187C58AC3CF6}.Debug|x86.ActiveCfg = Debug|Any CPU
		{292EEC58-272A-4077-A192-187C58AC3CF6}.Debug|x86.Build.0 = Debug|Any CPU
		{292EEC58-272A-4077-A192-187C58AC3CF6}.Release|Any CPU.ActiveCfg = Release|Any CPU
		{292EEC58-272A-4077-A192-187C58AC3CF6}.Release|Any CPU.Build.0 = Release|Any CPU
		{292EEC58-272A-4077-A192-187C58AC3CF6}.Release|ARM.ActiveCfg = Release|Any CPU
		{292EEC58-272A-4077-A192-187C58AC3CF6}.Release|ARM.Build.0 = Release|Any CPU
		{292EEC58-272A-4077-A192-187C58AC3CF6}.Release|ARM64.ActiveCfg = Release|Any CPU
		{292EEC58-272A-4077-A192-187C58AC3CF6}.Release|ARM64.Build.0 = Release|Any CPU
		{292EEC58-272A-4077-A192-187C58AC3CF6}.Release|x64.ActiveCfg = Release|Any CPU
		{292EEC58-272A-4077-A192-187C58AC3CF6}.Release|x64.Build.0 = Release|Any CPU
		{292EEC58-272A-4077-A192-187C58AC3CF6}.Release|x86.ActiveCfg = Release|Any CPU
		{292EEC58-272A-4077-A192-187C58AC3CF6}.Release|x86.Build.0 = Release|Any CPU
	EndGlobalSection
	GlobalSection(SolutionProperties) = preSolution
		HideSolutionNode = FALSE
	EndGlobalSection
	GlobalSection(NestedProjects) = preSolution
		{C7DCA5E1-0E0E-49B1-A094-7DC3FB7C527E} = {49E35AEB-C313-4D04-82D8-966D0DB57764}
		{AAC07811-26D8-44E6-BA09-AE4B38638D83} = {C7DCA5E1-0E0E-49B1-A094-7DC3FB7C527E}
		{411821F2-4487-47ED-B3B1-967BB1D1A3AC} = {49E35AEB-C313-4D04-82D8-966D0DB57764}
		{B0459B43-A05D-45C8-B708-600A837472AE} = {411821F2-4487-47ED-B3B1-967BB1D1A3AC}
		{37F939B6-9F2D-4380-86B0-BB5C832115EF} = {B0459B43-A05D-45C8-B708-600A837472AE}
		{DD3B7D11-6F83-4A12-B7B8-E2258D971D4F} = {B0459B43-A05D-45C8-B708-600A837472AE}
		{560E5362-8F04-4037-9AF5-B9338ADBD36E} = {B0459B43-A05D-45C8-B708-600A837472AE}
		{E5E70742-A3A5-4DD5-9B3B-931DF0E23F6E} = {49E35AEB-C313-4D04-82D8-966D0DB57764}
		{264A0BC0-78D5-4530-9CF1-8315B1262654} = {E5E70742-A3A5-4DD5-9B3B-931DF0E23F6E}
		{7BBC898B-9A5E-440E-BA17-4733209C3E47} = {264A0BC0-78D5-4530-9CF1-8315B1262654}
		{CB9034EB-74A3-40B4-B6AD-1D4962B634EE} = {C7DCA5E1-0E0E-49B1-A094-7DC3FB7C527E}
		{456CAC84-F6CD-4A7D-B4B5-AAA865C20094} = {CB9034EB-74A3-40B4-B6AD-1D4962B634EE}
		{292EEC58-272A-4077-A192-187C58AC3CF6} = {AAC07811-26D8-44E6-BA09-AE4B38638D83}
	EndGlobalSection
	GlobalSection(ExtensibilityGlobals) = postSolution
		SolutionGuid = {DF016F1B-E439-4769-9D90-7BC1951192BE}
	EndGlobalSection
EndGlobal
